Microsoft Visual Studio Solution File, Format Version 7.00
Project("{8BC9CEB8-8B4A-11D0-8D11-00A0C91BC942}") = "libirc", "libirc.vcproj", "{C5D9B854-BC07-48F5-8E51-16A4B23D60FF}"
EndProject
Project("{8BC9CEB8-8B4A-11D0-8D11-00A0C91BC942}") = "test", "test\test.vcproj", "{D93E1F37-D0AF-42C0-9A0F-EDA4E313E695}"
EndProject
Global
	GlobalSection(SolutionConfiguration) = preSolution
		ConfigName.0 = Debug
		ConfigName.1 = Release
	EndGlobalSection
	GlobalSection(ProjectDependencies) = postSolution
		{D93E1F37-D0AF-42C0-9A0F-EDA4E313E695}.0 = {C5D9B854-BC07-48F5-8E51-16A4B23D60FF}
	EndGlobalSection
	GlobalSection(ProjectConfiguration) = postSolution
		{C5D9B854-BC07-48F5-8E51-16A4B23D60FF}.Debug.ActiveCfg = Debug|Win32
		{C5D9B854-BC07-48F5-8E51-16A4B23D60FF}.Debug.Build.0 = Debug|Win32
		{C5D9B854-BC07-48F5-8E51-16A4B23D60FF}.Release.ActiveCfg = Release|Win32
		{C5D9B854-BC07-48F5-8E51-16A4B23D60FF}.Release.Build.0 = Release|Win32
		{D93E1F37-D0AF-42C0-9A0F-EDA4E313E695}.Debug.ActiveCfg = Debug|Win32
		{D93E1F37-D0AF-42C0-9A0F-EDA4E313E695}.Debug.Build.0 = Debug|Win32
		{D93E1F37-D0AF-42C0-9A0F-EDA4E313E695}.Release.ActiveCfg = Release|Win32
		{D93E1F37-D0AF-42C0-9A0F-EDA4E313E695}.Release.Build.0 = Release|Win32
	EndGlobalSection
	GlobalSection(ExtensibilityGlobals) = postSolution
	EndGlobalSection
	GlobalSection(ExtensibilityAddIns) = postSolution
	EndGlobalSection
EndGlobal
